
Microsoft Visual Studio Solution File, Format Version 12.00
# Visual Studio Version 17
VisualStudioVersion = 17.8.34525.116
MinimumVisualStudioVersion = 10.0.40219.1
Project("{FAE04EC0-301F-11D3-BF4B-00C04F79EFBC}") = "OctoMass", "OctoMass.csproj", "{7D35D480-6447-412A-8FD8-5B7F91761B51}"
EndProject
Global
	GlobalSection(SolutionConfigurationPlatforms) = preSolution
		Debug|Any CPU = Debug|Any CPU
		Release|Any CPU = Release|Any CPU
	EndGlobalSection
	GlobalSection(ProjectConfigurationPlatforms) = postSolution
		{7D35D480-6447-412A-8FD8-5B7F91761B51}.Debug|Any CPU.ActiveCfg = Debug|Any CPU
		{7D35D480-6447-412A-8FD8-5B7F91761B51}.Debug|Any CPU.Build.0 = Debug|Any CPU
		{7D35D480-6447-412A-8FD8-5B7F91761B51}.Release|Any CPU.ActiveCfg = Release|Any CPU
		{7D35D480-6447-412A-8FD8-5B7F91761B51}.Release|Any CPU.Build.0 = Release|Any CPU
	EndGlobalSection
	GlobalSection(SolutionProperties) = preSolution
		HideSolutionNode = FALSE
	EndGlobalSection
	GlobalSection(ExtensibilityGlobals) = postSolution
		SolutionGuid = {722DA5C4-2EB3-46A0-A59C-E3CB9D6BC115}
	EndGlobalSection
EndGlobal
